<?xml version="1.0" encoding="UTF-8" standalone="yes" ?>
<CodeBlocks_project_file>
	<FileVersion major="1" minor="6" />
	<Project>
		<Option title="iGraphics" />
		<Option makefile="makefile" />
		<Option pch_mode="2" />
		<Option compiler="gcc" />
		<Build>
			<Target title="Debug">
				<Option output="bin/iGraphics" prefix_auto="1" extension_auto="1" />
				<Option object_output="obj/" />
				<Option type="1" />
				<Option compiler="gcc" />
				<Compiler>
					<Add option="-g" />
					<Add option="-Wall -fexceptions -g" />
					<Add directory="." />
					<Add directory="OpenGL/include" />
					<Add directory="OpenGL/include/SDL2" />
					<Add directory="OpenGL/include/Freetype" />
				</Compiler>
				<Linker>
					<Add option="-static-libgcc -static-libstdc++" />
					<Add directory="OpenGL/lib" />
					<Add library="mingw32" />
					<Add library="SDL2main" />
					<Add library="SDL2" />
					<Add library="SDL2_mixer" />
					<Add library="OPENGL32" />
					<Add library="freeglut" />
					<Add library="winmm" />		
					<Add library="freetype" />					
				</Linker>
			</Target>
		</Build>
		<Compiler>
			<Add option="-Wall" />
		</Compiler>
		<Unit filename="iMain.cpp" />
		<Extensions />
	</Project>
</CodeBlocks_project_file>
